
Microsoft Visual Studio Solution File, Format Version 12.00
# Visual Studio Version 17
VisualStudioVersion = 17.9.34607.119
MinimumVisualStudioVersion = 10.0.40219.1
Project("{FAE04EC0-301F-11D3-BF4B-00C04F79EFBC}") = "Logicals", "Logicals.csproj", "{83875D67-B81A-47F2-ABE8-6C60AD320718}"
EndProject
Global
	GlobalSection(SolutionConfigurationPlatforms) = preSolution
		Debug|Any CPU = Debug|Any CPU
		Release|Any CPU = Release|Any CPU
	EndGlobalSection
	GlobalSection(ProjectConfigurationPlatforms) = postSolution
		{83875D67-B81A-47F2-ABE8-6C60AD320718}.Debug|Any CPU.ActiveCfg = Debug|Any CPU
		{83875D67-B81A-47F2-ABE8-6C60AD320718}.Debug|Any CPU.Build.0 = Debug|Any CPU
		{83875D67-B81A-47F2-ABE8-6C60AD320718}.Release|Any CPU.ActiveCfg = Release|Any CPU
		{83875D67-B81A-47F2-ABE8-6C60AD320718}.Release|Any CPU.Build.0 = Release|Any CPU
	EndGlobalSection
	GlobalSection(SolutionProperties) = preSolution
		HideSolutionNode = FALSE
	EndGlobalSection
	GlobalSection(ExtensibilityGlobals) = postSolution
		SolutionGuid = {73951D6A-7FE0-4EC8-B8B4-799569058603}
	EndGlobalSection
EndGlobal
